
Microsoft Visual Studio Solution File, Format Version 12.00
# Visual Studio 15
VisualStudioVersion = 15.0.28307.421
MinimumVisualStudioVersion = 10.0.40219.1
Project("{F184B08F-C81C-45F6-A57F-5ABD9991F28F}") = "WMS", "WMS\WMS.vbproj", "{741E00F6-BB5E-431B-B6B9-611E77D0EA18}"
EndProject
Global
	GlobalSection(SolutionConfigurationPlatforms) = preSolution
		Debug|Any CPU = Debug|Any CPU
		Release|Any CPU = Release|Any CPU
	EndGlobalSection
	GlobalSection(ProjectConfigurationPlatforms) = postSolution
		{741E00F6-BB5E-431B-B6B9-611E77D0EA18}.Debug|Any CPU.ActiveCfg = Debug|Any CPU
		{741E00F6-BB5E-431B-B6B9-611E77D0EA18}.Debug|Any CPU.Build.0 = Debug|Any CPU
		{741E00F6-BB5E-431B-B6B9-611E77D0EA18}.Release|Any CPU.ActiveCfg = Release|Any CPU
		{741E00F6-BB5E-431B-B6B9-611E77D0EA18}.Release|Any CPU.Build.0 = Release|Any CPU
	EndGlobalSection
	GlobalSection(SolutionProperties) = preSolution
		HideSolutionNode = FALSE
	EndGlobalSection
	GlobalSection(ExtensibilityGlobals) = postSolution
		SolutionGuid = {663D5BAE-A0D4-464B-84EB-E2CFFEA1CBCB}
	EndGlobalSection
EndGlobal
